{
  "name": "lobpreis",
  "lockfileVersion": 2,
  "requires": true,
  "packages": {
    "": {
      "dependencies": {
        "markdown-it-chords": "^1.0.3"
      }
    },
    "node_modules/markdown-it-chords": {
      "version": "1.0.3",
      "resolved": "https://registry.npmjs.org/markdown-it-chords/-/markdown-it-chords-1.0.3.tgz",
      "integrity": "sha512-bm4UFAcJmxraFHl71HzbBsuqlbT9QCH3Mtu5ebwspy76C+axjGau88w3e3OMR0tibMXMPU9uNcp0zjJIF9JOfg=="
    }
  },
  "dependencies": {
    "markdown-it-chords": {
      "version": "1.0.3",
      "resolved": "https://registry.npmjs.org/markdown-it-chords/-/markdown-it-chords-1.0.3.tgz",
      "integrity": "sha512-bm4UFAcJmxraFHl71HzbBsuqlbT9QCH3Mtu5ebwspy76C+axjGau88w3e3OMR0tibMXMPU9uNcp0zjJIF9JOfg=="
    }
  }
}
